
Microsoft Visual Studio Solution File, Format Version 12.00
# Visual Studio 14
VisualStudioVersion = 14.0.22823.1
MinimumVisualStudioVersion = 10.0.40219.1
Project("{2150E333-8FDC-42A3-9474-1A3956D46DE8}") = "app", "app", "{410A87B1-4C1E-491B-AEEE-B61063DD258E}"
EndProject
Project("{2150E333-8FDC-42A3-9474-1A3956D46DE8}") = "specs", "specs", "{D5411240-02AB-48E2-96A2-0EE8C138AF04}"
EndProject
Project("{2150E333-8FDC-42A3-9474-1A3956D46DE8}") = "01 Story Specs", "01 Story Specs", "{DC349709-9084-4EB7-BFBD-72926AA31512}"
EndProject
Project("{2150E333-8FDC-42A3-9474-1A3956D46DE8}") = "02 Implementation Specs", "02 Implementation Specs", "{A489252D-0853-41A1-BE44-5DBEDF56636C}"
EndProject
Project("{2150E333-8FDC-42A3-9474-1A3956D46DE8}") = "03 Epic Specs", "03 Epic Specs", "{5BE85AA4-6C1C-4D73-B77C-29C3A6D1754B}"
EndProject
Project("{FAE04EC0-301F-11D3-BF4B-00C04F79EFBC}") = "Specs.Unit.MediaLogue", "specs\Specs.Unit.MediaLogue\Specs.Unit.MediaLogue.csproj", "{983C5195-6D97-4DFD-9DD6-A488D3223275}"
EndProject
Project("{FAE04EC0-301F-11D3-BF4B-00C04F79EFBC}") = "Specs.Integration.MediaLogue", "specs\Specs.Integration.MediaLogue\Specs.Integration.MediaLogue.csproj", "{F0F65FCE-B2FF-4BD3-80D0-7F97069A616D}"
EndProject
Project("{FAE04EC0-301F-11D3-BF4B-00C04F79EFBC}") = "Specs.Component.MediaLogue", "specs\Specs.Component.MediaLogue\Specs.Component.MediaLogue.csproj", "{2E22BA54-B7E9-4FD0-84C2-FF72F3B1A439}"
EndProject
Project("{FAE04EC0-301F-11D3-BF4B-00C04F79EFBC}") = "Specs.System.MediaLogue", "specs\Specs.System.MediaLogue\Specs.System.MediaLogue.csproj", "{F31AB5AB-754B-4A4D-924E-F1A7599F1F45}"
EndProject
Project("{FAE04EC0-301F-11D3-BF4B-00C04F79EFBC}") = "MediaLogue.Core", "app\MediaLogue.Core\MediaLogue.Core.csproj", "{DBD749D5-4A7C-41FB-BF8C-648BF2992FA8}"
EndProject
Project("{FAE04EC0-301F-11D3-BF4B-00C04F79EFBC}") = "MediaLogue.Infrastructure", "app\MediaLogue.Infrastructure\MediaLogue.Infrastructure.csproj", "{57B2109C-080D-4E54-8165-40C2AC3DFF7C}"
EndProject
Project("{FAE04EC0-301F-11D3-BF4B-00C04F79EFBC}") = "MediaLogue.Application", "app\MediaLogue.Application\MediaLogue.Application.csproj", "{4286450D-567C-49E0-8FBC-73318769E275}"
EndProject
Project("{FAE04EC0-301F-11D3-BF4B-00C04F79EFBC}") = "MediaLogue.Api.Core", "app\MediaLogue.Api.Core\MediaLogue.Api.Core.csproj", "{B89A10AB-7EF7-49F6-AB6E-2ACD95364CD9}"
EndProject
Project("{8BB2217D-0F2D-49D1-97BC-3654ED321F3B}") = "MediaLogue.Api.WebHost", "app\MediaLogue.Api.WebHost\MediaLogue.Api.WebHost.xproj", "{F144C285-1E7A-444D-95EA-2D333FFDD296}"
EndProject
Global
	GlobalSection(SolutionConfigurationPlatforms) = preSolution
		Debug|Any CPU = Debug|Any CPU
		Release|Any CPU = Release|Any CPU
	EndGlobalSection
	GlobalSection(ProjectConfigurationPlatforms) = postSolution
		{983C5195-6D97-4DFD-9DD6-A488D3223275}.Debug|Any CPU.ActiveCfg = Debug|Any CPU
		{983C5195-6D97-4DFD-9DD6-A488D3223275}.Debug|Any CPU.Build.0 = Debug|Any CPU
		{983C5195-6D97-4DFD-9DD6-A488D3223275}.Release|Any CPU.ActiveCfg = Release|Any CPU
		{983C5195-6D97-4DFD-9DD6-A488D3223275}.Release|Any CPU.Build.0 = Release|Any CPU
		{F0F65FCE-B2FF-4BD3-80D0-7F97069A616D}.Debug|Any CPU.ActiveCfg = Debug|Any CPU
		{F0F65FCE-B2FF-4BD3-80D0-7F97069A616D}.Debug|Any CPU.Build.0 = Debug|Any CPU
		{F0F65FCE-B2FF-4BD3-80D0-7F97069A616D}.Release|Any CPU.ActiveCfg = Release|Any CPU
		{F0F65FCE-B2FF-4BD3-80D0-7F97069A616D}.Release|Any CPU.Build.0 = Release|Any CPU
		{2E22BA54-B7E9-4FD0-84C2-FF72F3B1A439}.Debug|Any CPU.ActiveCfg = Debug|Any CPU
		{2E22BA54-B7E9-4FD0-84C2-FF72F3B1A439}.Debug|Any CPU.Build.0 = Debug|Any CPU
		{2E22BA54-B7E9-4FD0-84C2-FF72F3B1A439}.Release|Any CPU.ActiveCfg = Release|Any CPU
		{2E22BA54-B7E9-4FD0-84C2-FF72F3B1A439}.Release|Any CPU.Build.0 = Release|Any CPU
		{F31AB5AB-754B-4A4D-924E-F1A7599F1F45}.Debug|Any CPU.ActiveCfg = Debug|Any CPU
		{F31AB5AB-754B-4A4D-924E-F1A7599F1F45}.Debug|Any CPU.Build.0 = Debug|Any CPU
		{F31AB5AB-754B-4A4D-924E-F1A7599F1F45}.Release|Any CPU.ActiveCfg = Release|Any CPU
		{F31AB5AB-754B-4A4D-924E-F1A7599F1F45}.Release|Any CPU.Build.0 = Release|Any CPU
		{DBD749D5-4A7C-41FB-BF8C-648BF2992FA8}.Debug|Any CPU.ActiveCfg = Debug|Any CPU
		{DBD749D5-4A7C-41FB-BF8C-648BF2992FA8}.Debug|Any CPU.Build.0 = Debug|Any CPU
		{DBD749D5-4A7C-41FB-BF8C-648BF2992FA8}.Release|Any CPU.ActiveCfg = Release|Any CPU
		{DBD749D5-4A7C-41FB-BF8C-648BF2992FA8}.Release|Any CPU.Build.0 = Release|Any CPU
		{57B2109C-080D-4E54-8165-40C2AC3DFF7C}.Debug|Any CPU.ActiveCfg = Debug|Any CPU
		{57B2109C-080D-4E54-8165-40C2AC3DFF7C}.Debug|Any CPU.Build.0 = Debug|Any CPU
		{57B2109C-080D-4E54-8165-40C2AC3DFF7C}.Release|Any CPU.ActiveCfg = Release|Any CPU
		{57B2109C-080D-4E54-8165-40C2AC3DFF7C}.Release|Any CPU.Build.0 = Release|Any CPU
		{4286450D-567C-49E0-8FBC-73318769E275}.Debug|Any CPU.ActiveCfg = Debug|Any CPU
		{4286450D-567C-49E0-8FBC-73318769E275}.Debug|Any CPU.Build.0 = Debug|Any CPU
		{4286450D-567C-49E0-8FBC-73318769E275}.Release|Any CPU.ActiveCfg = Release|Any CPU
		{4286450D-567C-49E0-8FBC-73318769E275}.Release|Any CPU.Build.0 = Release|Any CPU
		{B89A10AB-7EF7-49F6-AB6E-2ACD95364CD9}.Debug|Any CPU.ActiveCfg = Debug|Any CPU
		{B89A10AB-7EF7-49F6-AB6E-2ACD95364CD9}.Debug|Any CPU.Build.0 = Debug|Any CPU
		{B89A10AB-7EF7-49F6-AB6E-2ACD95364CD9}.Release|Any CPU.ActiveCfg = Release|Any CPU
		{B89A10AB-7EF7-49F6-AB6E-2ACD95364CD9}.Release|Any CPU.Build.0 = Release|Any CPU
		{F144C285-1E7A-444D-95EA-2D333FFDD296}.Debug|Any CPU.ActiveCfg = Debug|Any CPU
		{F144C285-1E7A-444D-95EA-2D333FFDD296}.Debug|Any CPU.Build.0 = Debug|Any CPU
		{F144C285-1E7A-444D-95EA-2D333FFDD296}.Release|Any CPU.ActiveCfg = Release|Any CPU
		{F144C285-1E7A-444D-95EA-2D333FFDD296}.Release|Any CPU.Build.0 = Release|Any CPU
	EndGlobalSection
	GlobalSection(SolutionProperties) = preSolution
		HideSolutionNode = FALSE
	EndGlobalSection
	GlobalSection(NestedProjects) = preSolution
		{DC349709-9084-4EB7-BFBD-72926AA31512} = {D5411240-02AB-48E2-96A2-0EE8C138AF04}
		{A489252D-0853-41A1-BE44-5DBEDF56636C} = {D5411240-02AB-48E2-96A2-0EE8C138AF04}
		{5BE85AA4-6C1C-4D73-B77C-29C3A6D1754B} = {D5411240-02AB-48E2-96A2-0EE8C138AF04}
		{983C5195-6D97-4DFD-9DD6-A488D3223275} = {A489252D-0853-41A1-BE44-5DBEDF56636C}
		{F0F65FCE-B2FF-4BD3-80D0-7F97069A616D} = {A489252D-0853-41A1-BE44-5DBEDF56636C}
		{2E22BA54-B7E9-4FD0-84C2-FF72F3B1A439} = {DC349709-9084-4EB7-BFBD-72926AA31512}
		{F31AB5AB-754B-4A4D-924E-F1A7599F1F45} = {5BE85AA4-6C1C-4D73-B77C-29C3A6D1754B}
		{DBD749D5-4A7C-41FB-BF8C-648BF2992FA8} = {410A87B1-4C1E-491B-AEEE-B61063DD258E}
		{57B2109C-080D-4E54-8165-40C2AC3DFF7C} = {410A87B1-4C1E-491B-AEEE-B61063DD258E}
		{4286450D-567C-49E0-8FBC-73318769E275} = {410A87B1-4C1E-491B-AEEE-B61063DD258E}
		{B89A10AB-7EF7-49F6-AB6E-2ACD95364CD9} = {410A87B1-4C1E-491B-AEEE-B61063DD258E}
		{F144C285-1E7A-444D-95EA-2D333FFDD296} = {410A87B1-4C1E-491B-AEEE-B61063DD258E}
	EndGlobalSection
EndGlobal
